{
  "name": "bizflow-backend",
  "version": "1.0.0",
  "lockfileVersion": 2,
  "requires": true,
  "packages": {
    "": {
      "name": "bizflow-backend",
      "version": "1.0.0",
      "license": "MIT",
      "dependencies": {
        "bcryptjs": "^2.4.3",
        "cors": "^2.8.5",
        "dotenv": "^16.3.1",
        "express": "^4.18.2",
        "express-rate-limit": "^6.10.0",
        "express-validator": "^7.0.1",
        "helmet": "^7.0.0",
        "jsonwebtoken": "^9.0.2",
        "mongoose": "^7.5.0",
        "multer": "^1.4.5",
        "nodemailer": "^6.9.4",
        "uuid": "^9.0.0",
        "validator": "^13.11.0"
      },
      "devDependencies": {
        "jest": "^29.6.2",
        "nodemon": "^3.0.1"
      },
      "engines": {
        "node": ">=18.0.0"
      }
    },
    "node_modules/bcryptjs": {
      "version": "2.4.3",
      "resolved": "https://registry.npmjs.org/bcryptjs/-/bcryptjs-2.4.3.tgz",
      "integrity": "sha512-V/Hy/X9Vt7f3BbPJEi8BdVFM4GozU8Ir+keRHJ+hzHFwbRox/JdLDvkKSRE6sxU5mBvSDVDeTrl2B+8bTCu/Zw=="
    },
    "node_modules/cors": {
      "version": "2.8.5",
      "resolved": "https://registry.npmjs.org/cors/-/cors-2.8.5.tgz",
      "integrity": "sha512-KIHbLJqu73RGr/hnbrO9uBeixNGuvSQjul/jdFvS/KFSIH1hWVd1ng7zOHx+YrEfInLG7q4n6GHQ9cDtxv/P6g==",
      "dependencies": {
        "object-assign": "^4",
        "vary": "^1"
      },
      "engines": {
        "node": ">= 0.10"
      }
    },
    "node_modules/dotenv": {
      "version": "16.3.1",
      "resolved": "https://registry.npmjs.org/dotenv/-/dotenv-16.3.1.tgz",
      "integrity": "sha512-IPzF4w4/Rd94bA9imS68tZBaYyBWSCE47V1RGuMrB94iyTOIEwRmVL2x/4An+6mETpLrKJ5hQkB8W4kFAadeIQ==",
      "engines": {
        "node": ">=12"
      },
      "funding": {
        "url": "https://github.com/motdotla/dotenv?sponsor=1"
      }
    },
    "node_modules/express": {
      "version": "4.18.2",
      "resolved": "https://registry.npmjs.org/express/-/express-4.18.2.tgz",
      "integrity": "sha512-5/PsL6iGPdfQ/lKM1UuielYgv3BUoJfz1aUwU9vHZ+J7gyvwdQXFEBIEIaxeGf0GIcreATNyBExtalisDbuMqQ==",
      "dependencies": {
        "accepts": "~1.3.8",
        "array-flatten": "1.1.1",
        "body-parser": "1.20.2",
        "content-disposition": "0.5.4",
        "content-type": "~1.0.4",
        "cookie": "0.5.0",
        "cookie-signature": "1.0.6",
        "debug": "2.6.9",
        "depd": "2.0.0",
        "encodeurl": "1.0.2",
        "escape-html": "1.0.3",
        "etag": "1.8.1",
        "finalhandler": "1.2.0",
        "fresh": "0.5.2",
        "http-errors": "2.0.0",
        "merge-descriptors": "1.0.1",
        "methods": "~1.1.2",
        "on-finished": "2.4.1",
        "parseurl": "1.3.3",
        "path-to-regexp": "0.1.7",
        "proxy-addr": "~2.0.7",
        "qs": "6.11.0",
        "range-parser": "~1.2.1",
        "safe-buffer": "5.2.1",
        "send": "0.18.0",
        "serve-static": "1.15.0",
        "setprototypeof": "1.2.0",
        "statuses": "2.0.1",
        "type-is": "~1.6.18",
        "utils-merge": "1.0.1",
        "vary": "1.1.2"
      },
      "engines": {
        "node": ">= 0.10.0"
      }
    },
    "node_modules/express-rate-limit": {
      "version": "6.10.0",
      "resolved": "https://registry.npmjs.org/express-rate-limit/-/express-rate-limit-6.10.0.tgz",
      "integrity": "sha512-0nwEy7qO8V+rPQLwss1X2y0qOv0yFjX6R8Fz1n5gIb2xqoc48tS4vGMcs2DnqfrLkFWl0kNp1yXvQw2yG/XQAg==",
      "engines": {
        "node": ">=14.0.0"
      }
    },
    "node_modules/express-validator": {
      "version": "7.0.1",
      "resolved": "https://registry.npmjs.org/express-validator/-/express-validator-7.0.1.tgz",
      "integrity": "sha512-iZl5MqMwx//sf1c5H5ZVeqCxZG5HkV8hTI/1mT+V1C8e76vA6L4gtiJ7T8q57j8fSEhi/p1mPCKq91YMYq3g9g==",
      "dependencies": {
        "lodash": "^4.17.21",
        "validator": "^13.9.0"
      },
      "engines": {
        "node": ">= 12"
      }
    },
    "node_modules/helmet": {
      "version": "7.1.0",
      "resolved": "https://registry.npmjs.org/helmet/-/helmet-7.1.0.tgz",
      "integrity": "sha512-Jg2UjV6psOpZhpD0wX3qGTl4TSEqAQ/vrn3Pqj6VW0V+xPVd1dX1dxAeJROpSAAxsPoYVnV1cVkZqKxq5V+u1g==",
      "dependencies": {
        "helmet-crossdomain": "^0.4.0",
        "helmet-csp": "^3.2.0",
        "hide-powered-by": "^1.1.0",
        "referrer-policy": "^1.2.0"
      },
      "engines": {
        "node": ">=14.0.0"
      }
    },
    "node_modules/jsonwebtoken": {
      "version": "9.0.2",
      "resolved": "https://registry.npmjs.org/jsonwebtoken/-/jsonwebtoken-9.0.2.tgz",
      "integrity": "sha512-PRp66vJ865SSqOlgqS8hujT5U4AOgMfhrwYIuIhfKaoSCZcirrmASQr8CX7cUg+RMih+hgznrjp99o+W4pJLHQ==",
      "dependencies": {
        "jws": "^3.2.2",
        "lodash": "^4.17.21",
        "ms": "^2.1.1",
        "semver": "^7.5.4"
      },
      "engines": {
        "node": ">=12",
        "npm": ">=6"
      }
    },
    "node_modules/mongoose": {
      "version": "7.5.0",
      "resolved": "https://registry.npmjs.org/mongoose/-/mongoose-7.5.0.tgz",
      "integrity": "sha512-8hqdWKjXprUupLKmF1gCx1q3azV2WmG4d8VNA7rLF4L8njpEQ1rpa7SVE1XKvXA4wTWcXprEFtLKHTDj0qkR7w==",
      "dependencies": {
        "bson": "^5.2.0",
        "kareem": "2.5.1",
        "mongodb": "5.8.1",
        "mpath": "0.9.0",
        "mquery": "5.0.0",
        "ms": "2.1.3",
        "sift": "13.5.3",
        "sliced": "1.0.1"
      },
      "engines": {
        "node": ">=14.0.0"
      },
      "funding": {
        "type": "opencollective",
        "url": "https://opencollective.com/mongoose"
      }
    },
    "node_modules/multer": {
      "version": "1.4.5-lts.1",
      "resolved": "https://registry.npmjs.org/multer/-/multer-1.4.5-lts.1.tgz",
      "integrity": "sha512-5iQgS9+oQFR8JJ7cRJ0V7IryQKpXdYuTTi0oNRrV8wN1Ii5n1t+hNLi4+6QZ5JC5n3Sk+YFpFYjUKVZdBd8SZQ==",
      "dependencies": {
        "append-field": "^1.0.0",
        "busboy": "^1.6.0",
        "concat-stream": "^2.0.0",
        "type-is": "^1.6.18",
        "xtend": "^4.0.2"
      },
      "engines": {
        "node": ">= 6.0.0"
      }
    },
    "node_modules/nodemailer": {
      "version": "6.9.4",
      "resolved": "https://registry.npmjs.org/nodemailer/-/nodemailer-6.9.4.tgz",
      "integrity": "sha512-CTQn1w31Z8M+XdlYBXRqHxp4Zdy79c0wSAZgQc2nOC0F6wVda/W7Qa5JUBCGIgVMpMDnAQSMQoKEry5Is0UWVg==",
      "engines": {
        "node": ">=6.0.0"
      }
    },
    "node_modules/uuid": {
      "version": "9.0.0",
      "resolved": "https://registry.npmjs.org/uuid/-/uuid-9.0.0.tgz",
      "integrity": "sha512-MXcSTerfPa4uqyzStbRoTgt5XIe3x5+42+q1sDuy3R5MDk66URdLMOZe5aPX8Q/cnHxkkOZ4ogJXyrlMh5oSOw==",
      "bin": {
        "uuid": "dist/bin/uuid"
      }
    },
    "node_modules/validator": {
      "version": "13.11.0",
      "resolved": "https://registry.npmjs.org/validator/-/validator-13.11.0.tgz",
      "integrity": "sha512 I+Z+H6yM5/KEmK4R0o0obLTSI0ofuli8M9wFqbR8OYn6YVokk9cc4TbPBC0uZ+ebtX/hd5r4935qU5MBa/Kp+A==",
      "engines": {
        "node": ">= 0.10"
      }
    },
    "node_modules/jest": {
      "version": "29.6.2",
      "resolved": "https://registry.npmjs.org/jest/-/jest-29.6.2.tgz",
      "integrity": "sha512-ddgTMKtK/U9gK3uT4hHtKf0q0t3kq2sPJw7oOoA1zOPvBdGYpV6xIM+4dXCAK1q1YMa+R6D7zq2OJPwWJFsNLw==",
      "dev": true,
      "dependencies": {
        "@jest/core": "^29.6.2",
        "import-local": "^3.0.2",
        "jest-cli": "^29.6.2"
      },
      "bin": {
        "jest": "bin/jest.js"
      },
      "engines": {
        "node": "^14.15.0 || ^16.10.0 || >=18.0.0"
      },
      "peerDependencies": {
        "node-notifier": "^8.0.1 || ^9.0.0 || ^10.0.0"
      },
      "peerDependenciesMeta": {
        "node-notifier": {
          "optional": true
        }
      }
    },
    "node_modules/nodemon": {
      "version": "3.0.1",
      "resolved": "https://registry.npmjs.org/nodemon/-/nodemon-3.0.1.tgz",
      "integrity": "sha512-ujA6j8shxrJ0VXqntf7nJxZsTMQqX+ln7XcKXk2l+7PqAzzkGqEPQD/6mqEKwMDnqGqWLNE8/w/zcQZvrZDCyg==",
      "dev": true,
      "bin": {
        "nodemon": "bin/nodemon.js"
      },
      "engines": {
        "node": ">=14.0.0"
      },
      "funding": {
        "type": "opencollective",
        "url": "https://opencollective.com/nodemon"
      }
    }
  },
  "dependencies": {
    "bcryptjs": {
      "version": "2.4.3",
      "resolved": "https://registry.npmjs.org/bcryptjs/-/bcryptjs-2.4.3.tgz",
      "integrity": "sha512-V/Hy/X9Vt7f3BbPJEi8BdVFM4GozU8Ir+keRHJ+hzHFwbRox/JdLDvkKSRE6sxU5mBvSDVDeTrl2B+8bTCu/Zw=="
    },
    "cors": {
      "version": "2.8.5",
      "resolved": "https://registry.npmjs.org/cors/-/cors-2.8.5.tgz",
      "integrity": "sha512-KIHbLJqu73RGr/hnbrO9uBeixNGuvSQjul/jdFvS/KFSIH1hWVd1ng7zOHx+YrEfInLG7q4n6GHQ9cDtxv/P6g==",
      "requires": {
        "object-assign": "^4",
        "vary": "^1"
      }
    },
    "dotenv": {
      "version": "16.3.1",
      "resolved": "https://registry.npmjs.org/dotenv/-/dotenv-16.3.1.tgz",
      "integrity": "sha512-IPzF4w4/Rd94bA9imS68tZBaYyBWSCE47V1RGuMrB94iyTOIEwRmVL2x/4An+6mETpLrKJ5hQkB8W4kFAadeIQ=="
    },
    "express": {
      "version": "4.18.2",
      "resolved": "https://registry.npmjs.org/express/-/express-4.18.2.tgz",
      "integrity": "sha512-5/PsL6iGPdfQ/lKM1UuielYgv3BUoJfz1aUwU9vHZ+J7gyvwdQXFEBIEIaxeGf0GIcreATNyBExtalisDbuMqQ==",
      "requires": {
        "accepts": "~1.3.8",
        "array-flatten": "1.1.1",
        "body-parser": "1.20.2",
        "content-disposition": "0.5.4",
        "content-type": "~1.0.4",
        "cookie": "0.5.0",
        "cookie-signature": "1.0.6",
        "debug": "2.6.9",
        "depd": "2.0.0",
        "encodeurl": "1.0.2",
        "escape-html": "1.0.3",
        "etag": "1.8.1",
        "finalhandler": "1.2.0",
        "fresh": "0.5.2",
        "http-errors": "2.0.0",
        "merge-descriptors": "1.0.1",
        "methods": "~1.1.2",
        "on-finished": "2.4.1",
        "parseurl": "1.3.3",
        "path-to-regexp": "0.1.7",
        "proxy-addr": "~2.0.7",
        "qs": "6.11.0",
        "range-parser": "~1.2.1",
        "safe-buffer": "5.2.1",
        "send": "0.18.0",
        "serve-static": "1.15.0",
        "setprototypeof": "1.2.0",
        "statuses": "2.0.1",
        "type-is": "~1.6.18",
        "utils-merge": "1.0.1",
        "vary": "1.1.2"
      }
    },
    "express-rate-limit": {
      "version": "6.10.0",
      "resolved": "https://registry.npmjs.org/express-rate-limit/-/express-rate-limit-6.10.0.tgz",
      "integrity": "sha512-0nwEy7qO8V+rPQLwss1X2y0qOv0yFjX6R8Fz1n5gIb2xqoc48tS4vGMcs2DnqfrLkFWl0kNp1yXvQw2yG/XQAg=="
    },
    "express-validator": {
      "version": "7.0.1",
      "resolved": "https://registry.npmjs.org/express-validator/-/express-validator-7.0.1.tgz",
      "integrity": "sha512-iZl5MqMwx//sf1c5H5ZVeqCxZG5HkV8hTI/1mT+V1C8e76vA6L4gtiJ7T8q57j8fSEhi/p1mPCKq91YMYq3g9g==",
      "requires": {
        "lodash": "^4.17.21",
        "validator": "^13.9.0"
      }
    },
    "helmet": {
      "version": "7.1.0",
      "resolved": "https://registry.npmjs.org/helmet/-/helmet-7.1.0.tgz",
      "integrity": "sha512-Jg2UjV6psOpZhpD0wX3qGTl4TSEqAQ/vrn3Pqj6VW0V+xPVd1dX1dxAeJROpSAAxsPoYVnV1cVkZqKxq5V+u1g==",
      "requires": {
        "helmet-crossdomain": "^0.4.0",
        "helmet-csp": "^3.2.0",
        "hide-powered-by": "^1.1.0",
        "referrer-policy": "^1.2.0"
      }
    },
    "jsonwebtoken": {
      "version": "9.0.2",
      "resolved": "https://registry.npmjs.org/jsonwebtoken/-/jsonwebtoken-9.0.2.tgz",
      "integrity": "sha512-PRp66vJ865SSqOlgqS8hujT5U4AOgMfhrwYIuIhfKaoSCZcirrmASQr8CX7cUg+RMih+hgznrjp99o+W4pJLHQ==",
      "requires": {
        "jws": "^3.2.2",
        "lodash": "^4.17.21",
        "ms": "^2.1.1",
        "semver": "^7.5.4"
      }
    },
    "mongoose": {
      "version": "7.5.0",
      "resolved": "https://registry.npmjs.org/mongoose/-/mongoose-7.5.0.tgz",
      "integrity": "sha512-8hqdWKjXprUupLKmF1gCx1q3azV2WmG4d8VNA7rLF4L8njpEQ1rpa7SVE1XKvXA4wTWcXprEFtLKHTDj0qkR7w==",
      "requires": {
        "bson": "^5.2.0",
        "kareem": "2.5.1",
        "mongodb": "5.8.1",
        "mpath": "0.9.0",
        "mquery": "5.0.0",
        "ms": "2.1.3",
        "sift": "13.5.3",
        "sliced": "1.0.1"
      }
    },
    "multer": {
      "version": "1.4.5-lts.1",
      "resolved": "https://registry.npmjs.org/multer/-/multer-1.4.5-lts.1.tgz",
      "integrity": "sha512-5iQgS9+oQFR8JJ7cRJ0V7IryQKpXdYuTTi0oNRrV8wN1Ii5n1t+hNLi4+6QZ5JC5n3Sk+YFpFYjUKVZdBd8SZQ==",
      "requires": {
        "append-field": "^1.0.0",
        "busboy": "^1.6.0",
        "concat-stream": "^2.0.0",
        "type-is": "^1.6.18",
        "xtend": "^4.0.2"
      }
    },
    "nodemailer": {
      "version": "6.9.4",
      "resolved": "https://registry.npmjs.org/nodemailer/-/nodemailer-6.9.4.tgz",
      "integrity": "sha512-CTQn1w31Z8M+XdlYBXRqHxp4Zdy79c0wSAZgQc2nOC0F6wVda/W7Qa5JUBCGIgVMpMDnAQSMQoKEry5Is0UWVg=="
    },
    "uuid": {
      "version": "9.0.0",
      "resolved": "https://registry.npmjs.org/uuid/-/uuid-9.0.0.tgz",
      "integrity": "sha512-MXcSTerfPa4uqyzStbRoTgt5XIe3x5+42+q1sDuy3R5MDk66URdLMOZe5aPX8Q/cnHxkkOZ4ogJXyrlMh5oSOw=="
    },
    "validator": {
      "version": "13.11.0",
      "resolved": "https://registry.npmjs.org/validator/-/validator-13.11.0.tgz",
      "integrity": "sha512 I+Z+H6yM5/KEmK4R0o0obLTSI0ofuli8M9wFqbR8OYn6YVokk9cc4TbPBC0uZ+ebtX/hd5r4935qU5MBa/Kp+A=="
    },
    "jest": {
      "version": "29.6.2",
      "resolved": "https://registry.npmjs.org/jest/-/jest-29.6.2.tgz",
      "integrity": "sha512-ddgTMKtK/U9gK3uT4hHtKf0q0t3kq2sPJw7oOoA1zOPvBdGYpV6xIM+4dXCAK1q1YMa+R6D7zq2OJPwWJFsNLw==",
      "dev": true,
      "requires": {
        "@jest/core": "^29.6.2",
        "import-local": "^3.0.2",
        "jest-cli": "^29.6.2"
      }
    },
    "nodemon": {
      "version": "3.0.1",
      "resolved": "https://registry.npmjs.org/nodemon/-/nodemon-3.0.1.tgz",
      "integrity": "sha512-ujA6j8shxrJ0VXqntf7nJxZsTMQqX+ln7XcKXk2l+7PqAzzkGqEPQD/6mqEKwMDnqGqWLNE8/w/zcQZvrZDCyg==",
      "dev": true
    }
  }
}
